
Microsoft Visual Studio Solution File, Format Version 12.00
# Visual Studio Version 17
VisualStudioVersion = 17.5.33516.290
MinimumVisualStudioVersion = 10.0.40219.1
Project("{9A19103F-16F7-4668-BE54-9A1E7A4F7556}") = "ObjectDetectionAPI", "WebApplication1\ObjectDetectionAPI.csproj", "{07C8775A-3787-4123-987A-ED505C064F12}"
EndProject
Project("{9A19103F-16F7-4668-BE54-9A1E7A4F7556}") = "YoloV8", "YoloV8\YoloV8.csproj", "{90E89E90-492B-4A55-8DEA-B6D848249387}"
EndProject
Project("{9A19103F-16F7-4668-BE54-9A1E7A4F7556}") = "Common", "Common\Common.csproj", "{7BEB3DF5-F64F-44B0-BDE1-B029C483103B}"
EndProject
Project("{2150E333-8FDC-42A3-9474-1A3956D46DE8}") = "Classifiers", "Classifiers", "{C7F21916-3BEC-4D0C-8D53-34D0D0F083C8}"
EndProject
Project("{FAE04EC0-301F-11D3-BF4B-00C04F79EFBC}") = "DogClassifier", "DogClassifier\DogClassifier.csproj", "{0E6C3B04-07D0-4941-9150-4A801324270A}"
EndProject
Project("{FAE04EC0-301F-11D3-BF4B-00C04F79EFBC}") = "CarClassifier", "CarClassifier\CarClassifier.csproj", "{E60C0F90-1655-402E-AE6E-AF250543EB9B}"
EndProject
Global
	GlobalSection(SolutionConfigurationPlatforms) = preSolution
		Debug|Any CPU = Debug|Any CPU
		Release|Any CPU = Release|Any CPU
	EndGlobalSection
	GlobalSection(ProjectConfigurationPlatforms) = postSolution
		{07C8775A-3787-4123-987A-ED505C064F12}.Debug|Any CPU.ActiveCfg = Debug|Any CPU
		{07C8775A-3787-4123-987A-ED505C064F12}.Debug|Any CPU.Build.0 = Debug|Any CPU
		{07C8775A-3787-4123-987A-ED505C064F12}.Release|Any CPU.ActiveCfg = Release|Any CPU
		{07C8775A-3787-4123-987A-ED505C064F12}.Release|Any CPU.Build.0 = Release|Any CPU
		{90E89E90-492B-4A55-8DEA-B6D848249387}.Debug|Any CPU.ActiveCfg = Debug|Any CPU
		{90E89E90-492B-4A55-8DEA-B6D848249387}.Debug|Any CPU.Build.0 = Debug|Any CPU
		{90E89E90-492B-4A55-8DEA-B6D848249387}.Release|Any CPU.ActiveCfg = Release|Any CPU
		{90E89E90-492B-4A55-8DEA-B6D848249387}.Release|Any CPU.Build.0 = Release|Any CPU
		{7BEB3DF5-F64F-44B0-BDE1-B029C483103B}.Debug|Any CPU.ActiveCfg = Debug|Any CPU
		{7BEB3DF5-F64F-44B0-BDE1-B029C483103B}.Debug|Any CPU.Build.0 = Debug|Any CPU
		{7BEB3DF5-F64F-44B0-BDE1-B029C483103B}.Release|Any CPU.ActiveCfg = Release|Any CPU
		{7BEB3DF5-F64F-44B0-BDE1-B029C483103B}.Release|Any CPU.Build.0 = Release|Any CPU
		{0E6C3B04-07D0-4941-9150-4A801324270A}.Debug|Any CPU.ActiveCfg = Debug|Any CPU
		{0E6C3B04-07D0-4941-9150-4A801324270A}.Debug|Any CPU.Build.0 = Debug|Any CPU
		{0E6C3B04-07D0-4941-9150-4A801324270A}.Release|Any CPU.ActiveCfg = Release|Any CPU
		{0E6C3B04-07D0-4941-9150-4A801324270A}.Release|Any CPU.Build.0 = Release|Any CPU
		{E60C0F90-1655-402E-AE6E-AF250543EB9B}.Debug|Any CPU.ActiveCfg = Debug|Any CPU
		{E60C0F90-1655-402E-AE6E-AF250543EB9B}.Debug|Any CPU.Build.0 = Debug|Any CPU
		{E60C0F90-1655-402E-AE6E-AF250543EB9B}.Release|Any CPU.ActiveCfg = Release|Any CPU
		{E60C0F90-1655-402E-AE6E-AF250543EB9B}.Release|Any CPU.Build.0 = Release|Any CPU
	EndGlobalSection
	GlobalSection(SolutionProperties) = preSolution
		HideSolutionNode = FALSE
	EndGlobalSection
	GlobalSection(NestedProjects) = preSolution
		{0E6C3B04-07D0-4941-9150-4A801324270A} = {C7F21916-3BEC-4D0C-8D53-34D0D0F083C8}
		{E60C0F90-1655-402E-AE6E-AF250543EB9B} = {C7F21916-3BEC-4D0C-8D53-34D0D0F083C8}
	EndGlobalSection
	GlobalSection(ExtensibilityGlobals) = postSolution
		SolutionGuid = {AA9485A1-13B5-4330-8C0A-5490FF1703BF}
	EndGlobalSection
EndGlobal
